
Microsoft Visual Studio Solution File, Format Version 12.00
# Visual Studio Version 16
VisualStudioVersion = 16.0.30621.155
MinimumVisualStudioVersion = 10.0.40219.1
Project("{FAE04EC0-301F-11D3-BF4B-00C04F79EFBC}") = "RjRegalado.YouTubeDownloader.UI", "RjRegalado.YouTubeDownloader.UI\RjRegalado.YouTubeDownloader.UI.csproj", "{8832A3A9-EA7B-4A5C-AB77-6EFD4EF82519}"
EndProject
Project("{FAE04EC0-301F-11D3-BF4B-00C04F79EFBC}") = "RjRegalado.YouTubeDownloader.Core", "RjRegalado.YouTubeDownloader.Core\RjRegalado.YouTubeDownloader.Core.csproj", "{0F22679A-C760-4383-87CB-1B2E7FA92165}"
EndProject
Global
	GlobalSection(SolutionConfigurationPlatforms) = preSolution
		Debug|Any CPU = Debug|Any CPU
		Release|Any CPU = Release|Any CPU
	EndGlobalSection
	GlobalSection(ProjectConfigurationPlatforms) = postSolution
		{8832A3A9-EA7B-4A5C-AB77-6EFD4EF82519}.Debug|Any CPU.ActiveCfg = Debug|Any CPU
		{8832A3A9-EA7B-4A5C-AB77-6EFD4EF82519}.Debug|Any CPU.Build.0 = Debug|Any CPU
		{8832A3A9-EA7B-4A5C-AB77-6EFD4EF82519}.Release|Any CPU.ActiveCfg = Release|Any CPU
		{8832A3A9-EA7B-4A5C-AB77-6EFD4EF82519}.Release|Any CPU.Build.0 = Release|Any CPU
		{0F22679A-C760-4383-87CB-1B2E7FA92165}.Debug|Any CPU.ActiveCfg = Debug|Any CPU
		{0F22679A-C760-4383-87CB-1B2E7FA92165}.Debug|Any CPU.Build.0 = Debug|Any CPU
		{0F22679A-C760-4383-87CB-1B2E7FA92165}.Release|Any CPU.ActiveCfg = Release|Any CPU
		{0F22679A-C760-4383-87CB-1B2E7FA92165}.Release|Any CPU.Build.0 = Release|Any CPU
	EndGlobalSection
	GlobalSection(SolutionProperties) = preSolution
		HideSolutionNode = FALSE
	EndGlobalSection
	GlobalSection(ExtensibilityGlobals) = postSolution
		SolutionGuid = {4F67A8B2-FA4B-4632-B0BD-7BF63E84664D}
	EndGlobalSection
EndGlobal
